// !$*UTF8*$!
{
	archiveVersion = 1;
	classes = {
	};
	objectVersion = 77;
	objects = {

/* Begin PBXContainerItemProxy section */
		7203D0F12D48461000C58771 /* PBXContainerItemProxy */ = {
			isa = PBXContainerItemProxy;
			containerPortal = 7203D0D72D48460F00C58771 /* Project object */;
			proxyType = 1;
			remoteGlobalIDString = 7203D0DE2D48460F00C58771;
			remoteInfo = FetchiOSTakeHomeChallenge;
		};
		7203D0FB2D48461000C58771 /* PBXContainerItemProxy */ = {
			isa = PBXContainerItemProxy;
			containerPortal = 7203D0D72D48460F00C58771 /* Project object */;
			proxyType = 1;
			remoteGlobalIDString = 7203D0DE2D48460F00C58771;
			remoteInfo = FetchiOSTakeHomeChallenge;
		};
/* End PBXContainerItemProxy section */

/* Begin PBXFileReference section */
		7203D0DF2D48460F00C58771 /* FetchiOSTakeHomeChallenge.app */ = {isa = PBXFileReference; explicitFileType = wrapper.application; includeInIndex = 0; path = FetchiOSTakeHomeChallenge.app; sourceTree = BUILT_PRODUCTS_DIR; };
		7203D0F02D48461000C58771 /* FetchiOSTakeHomeChallengeTests.xctest */ = {isa = PBXFileReference; explicitFileType = wrapper.cfbundle; includeInIndex = 0; path = FetchiOSTakeHomeChallengeTests.xctest; sourceTree = BUILT_PRODUCTS_DIR; };
		7203D0FA2D48461000C58771 /* FetchiOSTakeHomeChallengeUITests.xctest */ = {isa = PBXFileReference; explicitFileType = wrapper.cfbundle; includeInIndex = 0; path = FetchiOSTakeHomeChallengeUITests.xctest; sourceTree = BUILT_PRODUCTS_DIR; };
/* End PBXFileReference section */

/* Begin PBXFileSystemSynchronizedRootGroup section */
		7203D0E12D48460F00C58771 /* FetchiOSTakeHomeChallenge */ = {
			isa = PBXFileSystemSynchronizedRootGroup;
			path = FetchiOSTakeHomeChallenge;
			sourceTree = "<group>";
		};
		7203D0F32D48461000C58771 /* FetchiOSTakeHomeChallengeTests */ = {
			isa = PBXFileSystemSynchronizedRootGroup;
			path = FetchiOSTakeHomeChallengeTests;
			sourceTree = "<group>";
		};
		7203D0FD2D48461000C58771 /* FetchiOSTakeHomeChallengeUITests */ = {
			isa = PBXFileSystemSynchronizedRootGroup;
			path = FetchiOSTakeHomeChallengeUITests;
			sourceTree = "<group>";
		};
/* End PBXFileSystemSynchronizedRootGroup section */

/* Begin PBXFrameworksBuildPhase section */
		7203D0DC2D48460F00C58771 /* Frameworks */ = {
			isa = PBXFrameworksBuildPhase;
			buildActionMask = 2147483647;
			files = (
			);
			runOnlyForDeploymentPostprocessing = 0;
		};
		7203D0ED2D48461000C58771 /* Frameworks */ = {
			isa = PBXFrameworksBuildPhase;
			buildActionMask = 2147483647;
			files = (
			);
			runOnlyForDeploymentPostprocessing = 0;
		};
		7203D0F72D48461000C58771 /* Frameworks */ = {
			isa = PBXFrameworksBuildPhase;
			buildActionMask = 2147483647;
			files = (
			);
			runOnlyForDeploymentPostprocessing = 0;
		};
/* End PBXFrameworksBuildPhase section */

/* Begin PBXGroup section */
		7203D0D62D48460F00C58771 = {
			isa = PBXGroup;
			children = (
				7203D0E12D48460F00C58771 /* FetchiOSTakeHomeChallenge */,
				7203D0F32D48461000C58771 /* FetchiOSTakeHomeChallengeTests */,
				7203D0FD2D48461000C58771 /* FetchiOSTakeHomeChallengeUITests */,
				7203D0E02D48460F00C58771 /* Products */,
			);
			sourceTree = "<group>";
		};
		7203D0E02D48460F00C58771 /* Products */ = {
			isa = PBXGroup;
			children = (
				7203D0DF2D48460F00C58771 /* FetchiOSTakeHomeChallenge.app */,
				7203D0F02D48461000C58771 /* FetchiOSTakeHomeChallengeTests.xctest */,
				7203D0FA2D48461000C58771 /* FetchiOSTakeHomeChallengeUITests.xctest */,
			);
			name = Products;
			sourceTree = "<group>";
		};
/* End PBXGroup section */

/* Begin PBXNativeTarget section */
		7203D0DE2D48460F00C58771 /* FetchiOSTakeHomeChallenge */ = {
			isa = PBXNativeTarget;
			buildConfigurationList = 7203D1042D48461000C58771 /* Build configuration list for PBXNativeTarget "FetchiOSTakeHomeChallenge" */;
			buildPhases = (
				7203D0DB2D48460F00C58771 /* Sources */,
				7203D0DC2D48460F00C58771 /* Frameworks */,
				7203D0DD2D48460F00C58771 /* Resources */,
			);
			buildRules = (
			);
			dependencies = (
			);
			fileSystemSynchronizedGroups = (
				7203D0E12D48460F00C58771 /* FetchiOSTakeHomeChallenge */,
			);
			name = FetchiOSTakeHomeChallenge;
			packageProductDependencies = (
			);
			productName = FetchiOSTakeHomeChallenge;
			productReference = 7203D0DF2D48460F00C58771 /* FetchiOSTakeHomeChallenge.app */;
			productType = "com.apple.product-type.application";
		};
		7203D0EF2D48461000C58771 /* FetchiOSTakeHomeChallengeTests */ = {
			isa = PBXNativeTarget;
			buildConfigurationList = 7203D1072D48461000C58771 /* Build configuration list for PBXNativeTarget "FetchiOSTakeHomeChallengeTests" */;
			buildPhases = (
				7203D0EC2D48461000C58771 /* Sources */,
				7203D0ED2D48461000C58771 /* Frameworks */,
				7203D0EE2D48461000C58771 /* Resources */,
			);
			buildRules = (
			);
			dependencies = (
				7203D0F22D48461000C58771 /* PBXTargetDependency */,
			);
			fileSystemSynchronizedGroups = (
				7203D0F32D48461000C58771 /* FetchiOSTakeHomeChallengeTests */,
			);
			name = FetchiOSTakeHomeChallengeTests;
			packageProductDependencies = (
			);
			productName = FetchiOSTakeHomeChallengeTests;
			productReference = 7203D0F02D48461000C58771 /* FetchiOSTakeHomeChallengeTests.xctest */;
			productType = "com.apple.product-type.bundle.unit-test";
		};
		7203D0F92D48461000C58771 /* FetchiOSTakeHomeChallengeUITests */ = {
			isa = PBXNativeTarget;
			buildConfigurationList = 7203D10A2D48461000C58771 /* Build configuration list for PBXNativeTarget "FetchiOSTakeHomeChallengeUITests" */;
			buildPhases = (
				7203D0F62D48461000C58771 /* Sources */,
				7203D0F72D48461000C58771 /* Frameworks */,
				7203D0F82D48461000C58771 /* Resources */,
			);
			buildRules = (
			);
			dependencies = (
				7203D0FC2D48461000C58771 /* PBXTargetDependency */,
			);
			fileSystemSynchronizedGroups = (
				7203D0FD2D48461000C58771 /* FetchiOSTakeHomeChallengeUITests */,
			);
			name = FetchiOSTakeHomeChallengeUITests;
			packageProductDependencies = (
			);
			productName = FetchiOSTakeHomeChallengeUITests;
			productReference = 7203D0FA2D48461000C58771 /* FetchiOSTakeHomeChallengeUITests.xctest */;
			productType = "com.apple.product-type.bundle.ui-testing";
		};
/* End PBXNativeTarget section */

/* Begin PBXProject section */
		7203D0D72D48460F00C58771 /* Project object */ = {
			isa = PBXProject;
			attributes = {
				BuildIndependentTargetsInParallel = 1;
				LastSwiftUpdateCheck = 1600;
				LastUpgradeCheck = 1600;
				TargetAttributes = {
					7203D0DE2D48460F00C58771 = {
						CreatedOnToolsVersion = 16.0;
					};
					7203D0EF2D48461000C58771 = {
						CreatedOnToolsVersion = 16.0;
						TestTargetID = 7203D0DE2D48460F00C58771;
					};
					7203D0F92D48461000C58771 = {
						CreatedOnToolsVersion = 16.0;
						TestTargetID = 7203D0DE2D48460F00C58771;
					};
				};
			};
			buildConfigurationList = 7203D0DA2D48460F00C58771 /* Build configuration list for PBXProject "FetchiOSTakeHomeChallenge" */;
			developmentRegion = en;
			hasScannedForEncodings = 0;
			knownRegions = (
				en,
				Base,
			);
			mainGroup = 7203D0D62D48460F00C58771;
			minimizedProjectReferenceProxies = 1;
			preferredProjectObjectVersion = 77;
			productRefGroup = 7203D0E02D48460F00C58771 /* Products */;
			projectDirPath = "";
			projectRoot = "";
			targets = (
				7203D0DE2D48460F00C58771 /* FetchiOSTakeHomeChallenge */,
				7203D0EF2D48461000C58771 /* FetchiOSTakeHomeChallengeTests */,
				7203D0F92D48461000C58771 /* FetchiOSTakeHomeChallengeUITests */,
			);
		};
/* End PBXProject section */

/* Begin PBXResourcesBuildPhase section */
		7203D0DD2D48460F00C58771 /* Resources */ = {
			isa = PBXResourcesBuildPhase;
			buildActionMask = 2147483647;
			files = (
			);
			runOnlyForDeploymentPostprocessing = 0;
		};
		7203D0EE2D48461000C58771 /* Resources */ = {
			isa = PBXResourcesBuildPhase;
			buildActionMask = 2147483647;
			files = (
			);
			runOnlyForDeploymentPostprocessing = 0;
		};
		7203D0F82D48461000C58771 /* Resources */ = {
			isa = PBXResourcesBuildPhase;
			buildActionMask = 2147483647;
			files = (
			);
			runOnlyForDeploymentPostprocessing = 0;
		};
/* End PBXResourcesBuildPhase section */

/* Begin PBXSourcesBuildPhase section */
		7203D0DB2D48460F00C58771 /* Sources */ = {
			isa = PBXSourcesBuildPhase;
			buildActionMask = 2147483647;
			files = (
			);
			runOnlyForDeploymentPostprocessing = 0;
		};
		7203D0EC2D48461000C58771 /* Sources */ = {
			isa = PBXSourcesBuildPhase;
			buildActionMask = 2147483647;
			files = (
			);
			runOnlyForDeploymentPostprocessing = 0;
		};
		7203D0F62D48461000C58771 /* Sources */ = {
			isa = PBXSourcesBuildPhase;
			buildActionMask = 2147483647;
			files = (
			);
			runOnlyForDeploymentPostprocessing = 0;
		};
/* End PBXSourcesBuildPhase section */

/* Begin PBXTargetDependency section */
		7203D0F22D48461000C58771 /* PBXTargetDependency */ = {
			isa = PBXTargetDependency;
			target = 7203D0DE2D48460F00C58771 /* FetchiOSTakeHomeChallenge */;
			targetProxy = 7203D0F12D48461000C58771 /* PBXContainerItemProxy */;
		};
		7203D0FC2D48461000C58771 /* PBXTargetDependency */ = {
			isa = PBXTargetDependency;
			target = 7203D0DE2D48460F00C58771 /* FetchiOSTakeHomeChallenge */;
			targetProxy = 7203D0FB2D48461000C58771 /* PBXContainerItemProxy */;
		};
/* End PBXTargetDependency section */

/* Begin XCBuildConfiguration section */
		7203D1022D48461000C58771 /* Debug */ = {
			isa = XCBuildConfiguration;
			buildSettings = {
				ALWAYS_SEARCH_USER_PATHS = NO;
				ASSETCATALOG_COMPILER_GENERATE_SWIFT_ASSET_SYMBOL_EXTENSIONS = YES;
				CLANG_ANALYZER_NONNULL = YES;
				CLANG_ANALYZER_NUMBER_OBJECT_CONVERSION = YES_AGGRESSIVE;
				CLANG_CXX_LANGUAGE_STANDARD = "gnu++20";
				CLANG_ENABLE_MODULES = YES;
				CLANG_ENABLE_OBJC_ARC = YES;
				CLANG_ENABLE_OBJC_WEAK = YES;
				CLANG_WARN_BLOCK_CAPTURE_AUTORELEASING = YES;
				CLANG_WARN_BOOL_CONVERSION = YES;
				CLANG_WARN_COMMA = YES;
				CLANG_WARN_CONSTANT_CONVERSION = YES;
				CLANG_WARN_DEPRECATED_OBJC_IMPLEMENTATIONS = YES;
				CLANG_WARN_DIRECT_OBJC_ISA_USAGE = YES_ERROR;
				CLANG_WARN_DOCUMENTATION_COMMENTS = YES;
				CLANG_WARN_EMPTY_BODY = YES;
				CLANG_WARN_ENUM_CONVERSION = YES;
				CLANG_WARN_INFINITE_RECURSION = YES;
				CLANG_WARN_INT_CONVERSION = YES;
				CLANG_WARN_NON_LITERAL_NULL_CONVERSION = YES;
				CLANG_WARN_OBJC_IMPLICIT_RETAIN_SELF = YES;
				CLANG_WARN_OBJC_LITERAL_CONVERSION = YES;
				CLANG_WARN_OBJC_ROOT_CLASS = YES_ERROR;
				CLANG_WARN_QUOTED_INCLUDE_IN_FRAMEWORK_HEADER = YES;
				CLANG_WARN_RANGE_LOOP_ANALYSIS = YES;
				CLANG_WARN_STRICT_PROTOTYPES = YES;
				CLANG_WARN_SUSPICIOUS_MOVE = YES;
				CLANG_WARN_UNGUARDED_AVAILABILITY = YES_AGGRESSIVE;
				CLANG_WARN_UNREACHABLE_CODE = YES;
				CLANG_WARN__DUPLICATE_METHOD_MATCH = YES;
				COPY_PHASE_STRIP = NO;
				DEBUG_INFORMATION_FORMAT = dwarf;
				ENABLE_STRICT_OBJC_MSGSEND = YES;
				ENABLE_TESTABILITY = YES;
				ENABLE_USER_SCRIPT_SANDBOXING = YES;
				GCC_C_LANGUAGE_STANDARD = gnu17;
				GCC_DYNAMIC_NO_PIC = NO;
				GCC_NO_COMMON_BLOCKS = YES;
				GCC_OPTIMIZATION_LEVEL = 0;
				GCC_PREPROCESSOR_DEFINITIONS = (
					"DEBUG=1",
					"$(inherited)",
				);
				GCC_WARN_64_TO_32_BIT_CONVERSION = YES;
				GCC_WARN_ABOUT_RETURN_TYPE = YES_ERROR;
				GCC_WARN_UNDECLARED_SELECTOR = YES;
				GCC_WARN_UNINITIALIZED_AUTOS = YES_AGGRESSIVE;
				GCC_WARN_UNUSED_FUNCTION = YES;
				GCC_WARN_UNUSED_VARIABLE = YES;
				LOCALIZATION_PREFERS_STRING_CATALOGS = YES;
				MTL_ENABLE_DEBUG_INFO = INCLUDE_SOURCE;
				MTL_FAST_MATH = YES;
				ONLY_ACTIVE_ARCH = YES;
				SWIFT_ACTIVE_COMPILATION_CONDITIONS = "DEBUG $(inherited)";
				SWIFT_OPTIMIZATION_LEVEL = "-Onone";
			};
			name = Debug;
		};
		7203D1032D48461000C58771 /* Release */ = {
			isa = XCBuildConfiguration;
			buildSettings = {
				ALWAYS_SEARCH_USER_PATHS = NO;
				ASSETCATALOG_COMPILER_GENERATE_SWIFT_ASSET_SYMBOL_EXTENSIONS = YES;
				CLANG_ANALYZER_NONNULL = YES;
				CLANG_ANALYZER_NUMBER_OBJECT_CONVERSION = YES_AGGRESSIVE;
				CLANG_CXX_LANGUAGE_STANDARD = "gnu++20";
				CLANG_ENABLE_MODULES = YES;
				CLANG_ENABLE_OBJC_ARC = YES;
				CLANG_ENABLE_OBJC_WEAK = YES;
				CLANG_WARN_BLOCK_CAPTURE_AUTORELEASING = YES;
				CLANG_WARN_BOOL_CONVERSION = YES;
				CLANG_WARN_COMMA = YES;
				CLANG_WARN_CONSTANT_CONVERSION = YES;
				CLANG_WARN_DEPRECATED_OBJC_IMPLEMENTATIONS = YES;
				CLANG_WARN_DIRECT_OBJC_ISA_USAGE = YES_ERROR;
				CLANG_WARN_DOCUMENTATION_COMMENTS = YES;
				CLANG_WARN_EMPTY_BODY = YES;
				CLANG_WARN_ENUM_CONVERSION = YES;
				CLANG_WARN_INFINITE_RECURSION = YES;
				CLANG_WARN_INT_CONVERSION = YES;
				CLANG_WARN_NON_LITERAL_NULL_CONVERSION = YES;
				CLANG_WARN_OBJC_IMPLICIT_RETAIN_SELF = YES;
				CLANG_WARN_OBJC_LITERAL_CONVERSION = YES;
				CLANG_WARN_OBJC_ROOT_CLASS = YES_ERROR;
				CLANG_WARN_QUOTED_INCLUDE_IN_FRAMEWORK_HEADER = YES;
				CLANG_WARN_RANGE_LOOP_ANALYSIS = YES;
				CLANG_WARN_STRICT_PROTOTYPES = YES;
				CLANG_WARN_SUSPICIOUS_MOVE = YES;
				CLANG_WARN_UNGUARDED_AVAILABILITY = YES_AGGRESSIVE;
				CLANG_WARN_UNREACHABLE_CODE = YES;
				CLANG_WARN__DUPLICATE_METHOD_MATCH = YES;
				COPY_PHASE_STRIP = NO;
				DEBUG_INFORMATION_FORMAT = "dwarf-with-dsym";
				ENABLE_NS_ASSERTIONS = NO;
				ENABLE_STRICT_OBJC_MSGSEND = YES;
				ENABLE_USER_SCRIPT_SANDBOXING = YES;
				GCC_C_LANGUAGE_STANDARD = gnu17;
				GCC_NO_COMMON_BLOCKS = YES;
				GCC_WARN_64_TO_32_BIT_CONVERSION = YES;
				GCC_WARN_ABOUT_RETURN_TYPE = YES_ERROR;
				GCC_WARN_UNDECLARED_SELECTOR = YES;
				GCC_WARN_UNINITIALIZED_AUTOS = YES_AGGRESSIVE;
				GCC_WARN_UNUSED_FUNCTION = YES;
				GCC_WARN_UNUSED_VARIABLE = YES;
				LOCALIZATION_PREFERS_STRING_CATALOGS = YES;
				MTL_ENABLE_DEBUG_INFO = NO;
				MTL_FAST_MATH = YES;
				SWIFT_COMPILATION_MODE = wholemodule;
			};
			name = Release;
		};
		7203D1052D48461000C58771 /* Debug */ = {
			isa = XCBuildConfiguration;
			buildSettings = {
				ASSETCATALOG_COMPILER_APPICON_NAME = AppIcon;
				ASSETCATALOG_COMPILER_GLOBAL_ACCENT_COLOR_NAME = AccentColor;
				CODE_SIGN_ENTITLEMENTS = FetchiOSTakeHomeChallenge/FetchiOSTakeHomeChallenge.entitlements;
				CODE_SIGN_STYLE = Automatic;
				CURRENT_PROJECT_VERSION = 1;
				DEVELOPMENT_ASSET_PATHS = "\"FetchiOSTakeHomeChallenge/Preview Content\"";
				DEVELOPMENT_TEAM = Z99UQ9K4CC;
				ENABLE_HARDENED_RUNTIME = YES;
				ENABLE_PREVIEWS = YES;
				GENERATE_INFOPLIST_FILE = YES;
				"INFOPLIST_KEY_UIApplicationSceneManifest_Generation[sdk=iphoneos*]" = YES;
				"INFOPLIST_KEY_UIApplicationSceneManifest_Generation[sdk=iphonesimulator*]" = YES;
				"INFOPLIST_KEY_UIApplicationSupportsIndirectInputEvents[sdk=iphoneos*]" = YES;
				"INFOPLIST_KEY_UIApplicationSupportsIndirectInputEvents[sdk=iphonesimulator*]" = YES;
				"INFOPLIST_KEY_UILaunchScreen_Generation[sdk=iphoneos*]" = YES;
				"INFOPLIST_KEY_UILaunchScreen_Generation[sdk=iphonesimulator*]" = YES;
				"INFOPLIST_KEY_UIStatusBarStyle[sdk=iphoneos*]" = UIStatusBarStyleDefault;
				"INFOPLIST_KEY_UIStatusBarStyle[sdk=iphonesimulator*]" = UIStatusBarStyleDefault;
				INFOPLIST_KEY_UISupportedInterfaceOrientations_iPad = "UIInterfaceOrientationPortrait UIInterfaceOrientationPortraitUpsideDown UIInterfaceOrientationLandscapeLeft UIInterfaceOrientationLandscapeRight";
				INFOPLIST_KEY_UISupportedInterfaceOrientations_iPhone = "UIInterfaceOrientationPortrait UIInterfaceOrientationLandscapeLeft UIInterfaceOrientationLandscapeRight";
				IPHONEOS_DEPLOYMENT_TARGET = 18.0;
				LD_RUNPATH_SEARCH_PATHS = "@executable_path/Frameworks";
				"LD_RUNPATH_SEARCH_PATHS[sdk=macosx*]" = "@executable_path/../Frameworks";
				MACOSX_DEPLOYMENT_TARGET = 15.0;
				MARKETING_VERSION = 1.0;
				PRODUCT_BUNDLE_IDENTIFIER = nickolasdimitrakas.FetchiOSTakeHomeChallenge;
				PRODUCT_NAME = "$(TARGET_NAME)";
				SDKROOT = auto;
				SUPPORTED_PLATFORMS = "iphoneos iphonesimulator macosx xros xrsimulator";
				SWIFT_EMIT_LOC_STRINGS = YES;
				SWIFT_VERSION = 5.0;
				TARGETED_DEVICE_FAMILY = "1,2,7";
				XROS_DEPLOYMENT_TARGET = 2.0;
			};
			name = Debug;
		};
		7203D1062D48461000C58771 /* Release */ = {
			isa = XCBuildConfiguration;
			buildSettings = {
				ASSETCATALOG_COMPILER_APPICON_NAME = AppIcon;
				ASSETCATALOG_COMPILER_GLOBAL_ACCENT_COLOR_NAME = AccentColor;
				CODE_SIGN_ENTITLEMENTS = FetchiOSTakeHomeChallenge/FetchiOSTakeHomeChallenge.entitlements;
				CODE_SIGN_STYLE = Automatic;
				CURRENT_PROJECT_VERSION = 1;
				DEVELOPMENT_ASSET_PATHS = "\"FetchiOSTakeHomeChallenge/Preview Content\"";
				DEVELOPMENT_TEAM = Z99UQ9K4CC;
				ENABLE_HARDENED_RUNTIME = YES;
				ENABLE_PREVIEWS = YES;
				GENERATE_INFOPLIST_FILE = YES;
				"INFOPLIST_KEY_UIApplicationSceneManifest_Generation[sdk=iphoneos*]" = YES;
				"INFOPLIST_KEY_UIApplicationSceneManifest_Generation[sdk=iphonesimulator*]" = YES;
				"INFOPLIST_KEY_UIApplicationSupportsIndirectInputEvents[sdk=iphoneos*]" = YES;
				"INFOPLIST_KEY_UIApplicationSupportsIndirectInputEvents[sdk=iphonesimulator*]" = YES;
				"INFOPLIST_KEY_UILaunchScreen_Generation[sdk=iphoneos*]" = YES;
				"INFOPLIST_KEY_UILaunchScreen_Generation[sdk=iphonesimulator*]" = YES;
				"INFOPLIST_KEY_UIStatusBarStyle[sdk=iphoneos*]" = UIStatusBarStyleDefault;
				"INFOPLIST_KEY_UIStatusBarStyle[sdk=iphonesimulator*]" = UIStatusBarStyleDefault;
				INFOPLIST_KEY_UISupportedInterfaceOrientations_iPad = "UIInterfaceOrientationPortrait UIInterfaceOrientationPortraitUpsideDown UIInterfaceOrientationLandscapeLeft UIInterfaceOrientationLandscapeRight";
				INFOPLIST_KEY_UISupportedInterfaceOrientations_iPhone = "UIInterfaceOrientationPortrait UIInterfaceOrientationLandscapeLeft UIInterfaceOrientationLandscapeRight";
				IPHONEOS_DEPLOYMENT_TARGET = 18.0;
				LD_RUNPATH_SEARCH_PATHS = "@executable_path/Frameworks";
				"LD_RUNPATH_SEARCH_PATHS[sdk=macosx*]" = "@executable_path/../Frameworks";
				MACOSX_DEPLOYMENT_TARGET = 15.0;
				MARKETING_VERSION = 1.0;
				PRODUCT_BUNDLE_IDENTIFIER = nickolasdimitrakas.FetchiOSTakeHomeChallenge;
				PRODUCT_NAME = "$(TARGET_NAME)";
				SDKROOT = auto;
				SUPPORTED_PLATFORMS = "iphoneos iphonesimulator macosx xros xrsimulator";
				SWIFT_EMIT_LOC_STRINGS = YES;
				SWIFT_VERSION = 5.0;
				TARGETED_DEVICE_FAMILY = "1,2,7";
				XROS_DEPLOYMENT_TARGET = 2.0;
			};
			name = Release;
		};
		7203D1082D48461000C58771 /* Debug */ = {
			isa = XCBuildConfiguration;
			buildSettings = {
				BUNDLE_LOADER = "$(TEST_HOST)";
				CODE_SIGN_STYLE = Automatic;
				CURRENT_PROJECT_VERSION = 1;
				DEVELOPMENT_TEAM = Z99UQ9K4CC;
				GENERATE_INFOPLIST_FILE = YES;
				IPHONEOS_DEPLOYMENT_TARGET = 18.0;
				MACOSX_DEPLOYMENT_TARGET = 15.0;
				MARKETING_VERSION = 1.0;
				PRODUCT_BUNDLE_IDENTIFIER = nickolasdimitrakas.FetchiOSTakeHomeChallengeTests;
				PRODUCT_NAME = "$(TARGET_NAME)";
				SDKROOT = auto;
				SUPPORTED_PLATFORMS = "iphoneos iphonesimulator macosx xros xrsimulator";
				SWIFT_EMIT_LOC_STRINGS = NO;
				SWIFT_VERSION = 5.0;
				TARGETED_DEVICE_FAMILY = "1,2,7";
				TEST_HOST = "$(BUILT_PRODUCTS_DIR)/FetchiOSTakeHomeChallenge.app/$(BUNDLE_EXECUTABLE_FOLDER_PATH)/FetchiOSTakeHomeChallenge";
				XROS_DEPLOYMENT_TARGET = 2.0;
			};
			name = Debug;
		};
		7203D1092D48461000C58771 /* Release */ = {
			isa = XCBuildConfiguration;
			buildSettings = {
				BUNDLE_LOADER = "$(TEST_HOST)";
				CODE_SIGN_STYLE = Automatic;
				CURRENT_PROJECT_VERSION = 1;
				DEVELOPMENT_TEAM = Z99UQ9K4CC;
				GENERATE_INFOPLIST_FILE = YES;
				IPHONEOS_DEPLOYMENT_TARGET = 18.0;
				MACOSX_DEPLOYMENT_TARGET = 15.0;
				MARKETING_VERSION = 1.0;
				PRODUCT_BUNDLE_IDENTIFIER = nickolasdimitrakas.FetchiOSTakeHomeChallengeTests;
				PRODUCT_NAME = "$(TARGET_NAME)";
				SDKROOT = auto;
				SUPPORTED_PLATFORMS = "iphoneos iphonesimulator macosx xros xrsimulator";
				SWIFT_EMIT_LOC_STRINGS = NO;
				SWIFT_VERSION = 5.0;
				TARGETED_DEVICE_FAMILY = "1,2,7";
				TEST_HOST = "$(BUILT_PRODUCTS_DIR)/FetchiOSTakeHomeChallenge.app/$(BUNDLE_EXECUTABLE_FOLDER_PATH)/FetchiOSTakeHomeChallenge";
				XROS_DEPLOYMENT_TARGET = 2.0;
			};
			name = Release;
		};
		7203D10B2D48461000C58771 /* Debug */ = {
			isa = XCBuildConfiguration;
			buildSettings = {
				CODE_SIGN_STYLE = Automatic;
				CURRENT_PROJECT_VERSION = 1;
				DEVELOPMENT_TEAM = Z99UQ9K4CC;
				GENERATE_INFOPLIST_FILE = YES;
				IPHONEOS_DEPLOYMENT_TARGET = 18.0;
				MACOSX_DEPLOYMENT_TARGET = 15.0;
				MARKETING_VERSION = 1.0;
				PRODUCT_BUNDLE_IDENTIFIER = nickolasdimitrakas.FetchiOSTakeHomeChallengeUITests;
				PRODUCT_NAME = "$(TARGET_NAME)";
				SDKROOT = auto;
				SUPPORTED_PLATFORMS = "iphoneos iphonesimulator macosx xros xrsimulator";
				SWIFT_EMIT_LOC_STRINGS = NO;
				SWIFT_VERSION = 5.0;
				TARGETED_DEVICE_FAMILY = "1,2,7";
				TEST_TARGET_NAME = FetchiOSTakeHomeChallenge;
				XROS_DEPLOYMENT_TARGET = 2.0;
			};
			name = Debug;
		};
		7203D10C2D48461000C58771 /* Release */ = {
			isa = XCBuildConfiguration;
			buildSettings = {
				CODE_SIGN_STYLE = Automatic;
				CURRENT_PROJECT_VERSION = 1;
				DEVELOPMENT_TEAM = Z99UQ9K4CC;
				GENERATE_INFOPLIST_FILE = YES;
				IPHONEOS_DEPLOYMENT_TARGET = 18.0;
				MACOSX_DEPLOYMENT_TARGET = 15.0;
				MARKETING_VERSION = 1.0;
				PRODUCT_BUNDLE_IDENTIFIER = nickolasdimitrakas.FetchiOSTakeHomeChallengeUITests;
				PRODUCT_NAME = "$(TARGET_NAME)";
				SDKROOT = auto;
				SUPPORTED_PLATFORMS = "iphoneos iphonesimulator macosx xros xrsimulator";
				SWIFT_EMIT_LOC_STRINGS = NO;
				SWIFT_VERSION = 5.0;
				TARGETED_DEVICE_FAMILY = "1,2,7";
				TEST_TARGET_NAME = FetchiOSTakeHomeChallenge;
				XROS_DEPLOYMENT_TARGET = 2.0;
			};
			name = Release;
		};
/* End XCBuildConfiguration section */

/* Begin XCConfigurationList section */
		7203D0DA2D48460F00C58771 /* Build configuration list for PBXProject "FetchiOSTakeHomeChallenge" */ = {
			isa = XCConfigurationList;
			buildConfigurations = (
				7203D1022D48461000C58771 /* Debug */,
				7203D1032D48461000C58771 /* Release */,
			);
			defaultConfigurationIsVisible = 0;
			defaultConfigurationName = Release;
		};
		7203D1042D48461000C58771 /* Build configuration list for PBXNativeTarget "FetchiOSTakeHomeChallenge" */ = {
			isa = XCConfigurationList;
			buildConfigurations = (
				7203D1052D48461000C58771 /* Debug */,
				7203D1062D48461000C58771 /* Release */,
			);
			defaultConfigurationIsVisible = 0;
			defaultConfigurationName = Release;
		};
		7203D1072D48461000C58771 /* Build configuration list for PBXNativeTarget "FetchiOSTakeHomeChallengeTests" */ = {
			isa = XCConfigurationList;
			buildConfigurations = (
				7203D1082D48461000C58771 /* Debug */,
				7203D1092D48461000C58771 /* Release */,
			);
			defaultConfigurationIsVisible = 0;
			defaultConfigurationName = Release;
		};
		7203D10A2D48461000C58771 /* Build configuration list for PBXNativeTarget "FetchiOSTakeHomeChallengeUITests" */ = {
			isa = XCConfigurationList;
			buildConfigurations = (
				7203D10B2D48461000C58771 /* Debug */,
				7203D10C2D48461000C58771 /* Release */,
			);
			defaultConfigurationIsVisible = 0;
			defaultConfigurationName = Release;
		};
/* End XCConfigurationList section */
	};
	rootObject = 7203D0D72D48460F00C58771 /* Project object */;
}
